
Microsoft Visual Studio Solution File, Format Version 12.00
# Visual Studio Version 17
VisualStudioVersion = 17.8.34601.278
MinimumVisualStudioVersion = 10.0.40219.1
Project("{FAE04EC0-301F-11D3-BF4B-00C04F79EFBC}") = "SpellChecker", "SpellChecker.csproj", "{9AA98E24-4A4B-4F52-BE11-45E542AC8CF8}"
EndProject
Global
	GlobalSection(SolutionConfigurationPlatforms) = preSolution
		Debug|Any CPU = Debug|Any CPU
		Release|Any CPU = Release|Any CPU
	EndGlobalSection
	GlobalSection(ProjectConfigurationPlatforms) = postSolution
		{9AA98E24-4A4B-4F52-BE11-45E542AC8CF8}.Debug|Any CPU.ActiveCfg = Debug|Any CPU
		{9AA98E24-4A4B-4F52-BE11-45E542AC8CF8}.Debug|Any CPU.Build.0 = Debug|Any CPU
		{9AA98E24-4A4B-4F52-BE11-45E542AC8CF8}.Release|Any CPU.ActiveCfg = Release|Any CPU
		{9AA98E24-4A4B-4F52-BE11-45E542AC8CF8}.Release|Any CPU.Build.0 = Release|Any CPU
	EndGlobalSection
	GlobalSection(SolutionProperties) = preSolution
		HideSolutionNode = FALSE
	EndGlobalSection
	GlobalSection(ExtensibilityGlobals) = postSolution
		SolutionGuid = {2DE4AB7B-EE7F-404A-BF6C-3098A2F0679D}
	EndGlobalSection
EndGlobal
